// !$*UTF8*$!
{
	archiveVersion = 1;
	classes = {
	};
	objectVersion = 50;
	objects = {

/* Begin PBXBuildFile section */
		4BF01D5B262DC7B2001D3469 /* AppDelegate.swift in Sources */ = {isa = PBXBuildFile; fileRef = 4BF01D5A262DC7B2001D3469 /* AppDelegate.swift */; };
		4BF01D5D262DC7B2001D3469 /* SceneDelegate.swift in Sources */ = {isa = PBXBuildFile; fileRef = 4BF01D5C262DC7B2001D3469 /* SceneDelegate.swift */; };
		4BF01D5F262DC7B2001D3469 /* ViewController.swift in Sources */ = {isa = PBXBuildFile; fileRef = 4BF01D5E262DC7B2001D3469 /* ViewController.swift */; };
		4BF01D62262DC7B2001D3469 /* Main.storyboard in Resources */ = {isa = PBXBuildFile; fileRef = 4BF01D60262DC7B2001D3469 /* Main.storyboard */; };
		4BF01D64262DC7B4001D3469 /* Assets.xcassets in Resources */ = {isa = PBXBuildFile; fileRef = 4BF01D63262DC7B4001D3469 /* Assets.xcassets */; };
		4BF01D67262DC7B4001D3469 /* LaunchScreen.storyboard in Resources */ = {isa = PBXBuildFile; fileRef = 4BF01D65262DC7B4001D3469 /* LaunchScreen.storyboard */; };
		4BF01D72262DC7B4001D3469 /* PrototipoTests.swift in Sources */ = {isa = PBXBuildFile; fileRef = 4BF01D71262DC7B4001D3469 /* PrototipoTests.swift */; };
		4BF01D7D262DC7B4001D3469 /* PrototipoUITests.swift in Sources */ = {isa = PBXBuildFile; fileRef = 4BF01D7C262DC7B4001D3469 /* PrototipoUITests.swift */; };
/* End PBXBuildFile section */

/* Begin PBXContainerItemProxy section */
		4BF01D6E262DC7B4001D3469 /* PBXContainerItemProxy */ = {
			isa = PBXContainerItemProxy;
			containerPortal = 4BF01D4F262DC7B2001D3469 /* Project object */;
			proxyType = 1;
			remoteGlobalIDString = 4BF01D56262DC7B2001D3469;
			remoteInfo = Prototipo;
		};
		4BF01D79262DC7B4001D3469 /* PBXContainerItemProxy */ = {
			isa = PBXContainerItemProxy;
			containerPortal = 4BF01D4F262DC7B2001D3469 /* Project object */;
			proxyType = 1;
			remoteGlobalIDString = 4BF01D56262DC7B2001D3469;
			remoteInfo = Prototipo;
		};
/* End PBXContainerItemProxy section */

/* Begin PBXFileReference section */
		4BF01D57262DC7B2001D3469 /* Prototipo.app */ = {isa = PBXFileReference; explicitFileType = wrapper.application; includeInIndex = 0; path = Prototipo.app; sourceTree = BUILT_PRODUCTS_DIR; };
		4BF01D5A262DC7B2001D3469 /* AppDelegate.swift */ = {isa = PBXFileReference; lastKnownFileType = sourcecode.swift; path = AppDelegate.swift; sourceTree = "<group>"; };
		4BF01D5C262DC7B2001D3469 /* SceneDelegate.swift */ = {isa = PBXFileReference; lastKnownFileType = sourcecode.swift; path = SceneDelegate.swift; sourceTree = "<group>"; };
		4BF01D5E262DC7B2001D3469 /* ViewController.swift */ = {isa = PBXFileReference; lastKnownFileType = sourcecode.swift; path = ViewController.swift; sourceTree = "<group>"; };
		4BF01D61262DC7B2001D3469 /* Base */ = {isa = PBXFileReference; lastKnownFileType = file.storyboard; name = Base; path = Base.lproj/Main.storyboard; sourceTree = "<group>"; };
		4BF01D63262DC7B4001D3469 /* Assets.xcassets */ = {isa = PBXFileReference; lastKnownFileType = folder.assetcatalog; path = Assets.xcassets; sourceTree = "<group>"; };
		4BF01D66262DC7B4001D3469 /* Base */ = {isa = PBXFileReference; lastKnownFileType = file.storyboard; name = Base; path = Base.lproj/LaunchScreen.storyboard; sourceTree = "<group>"; };
		4BF01D68262DC7B4001D3469 /* Info.plist */ = {isa = PBXFileReference; lastKnownFileType = text.plist.xml; path = Info.plist; sourceTree = "<group>"; };
		4BF01D6D262DC7B4001D3469 /* PrototipoTests.xctest */ = {isa = PBXFileReference; explicitFileType = wrapper.cfbundle; includeInIndex = 0; path = PrototipoTests.xctest; sourceTree = BUILT_PRODUCTS_DIR; };
		4BF01D71262DC7B4001D3469 /* PrototipoTests.swift */ = {isa = PBXFileReference; lastKnownFileType = sourcecode.swift; path = PrototipoTests.swift; sourceTree = "<group>"; };
		4BF01D73262DC7B4001D3469 /* Info.plist */ = {isa = PBXFileReference; lastKnownFileType = text.plist.xml; path = Info.plist; sourceTree = "<group>"; };
		4BF01D78262DC7B4001D3469 /* PrototipoUITests.xctest */ = {isa = PBXFileReference; explicitFileType = wrapper.cfbundle; includeInIndex = 0; path = PrototipoUITests.xctest; sourceTree = BUILT_PRODUCTS_DIR; };
		4BF01D7C262DC7B4001D3469 /* PrototipoUITests.swift */ = {isa = PBXFileReference; lastKnownFileType = sourcecode.swift; path = PrototipoUITests.swift; sourceTree = "<group>"; };
		4BF01D7E262DC7B4001D3469 /* Info.plist */ = {isa = PBXFileReference; lastKnownFileType = text.plist.xml; path = Info.plist; sourceTree = "<group>"; };
/* End PBXFileReference section */

/* Begin PBXFrameworksBuildPhase section */
		4BF01D54262DC7B2001D3469 /* Frameworks */ = {
			isa = PBXFrameworksBuildPhase;
			buildActionMask = 2147483647;
			files = (
			);
			runOnlyForDeploymentPostprocessing = 0;
		};
		4BF01D6A262DC7B4001D3469 /* Frameworks */ = {
			isa = PBXFrameworksBuildPhase;
			buildActionMask = 2147483647;
			files = (
			);
			runOnlyForDeploymentPostprocessing = 0;
		};
		4BF01D75262DC7B4001D3469 /* Frameworks */ = {
			isa = PBXFrameworksBuildPhase;
			buildActionMask = 2147483647;
			files = (
			);
			runOnlyForDeploymentPostprocessing = 0;
		};
/* End PBXFrameworksBuildPhase section */

/* Begin PBXGroup section */
		4BF01D4E262DC7B2001D3469 = {
			isa = PBXGroup;
			children = (
				4BF01D59262DC7B2001D3469 /* Prototipo */,
				4BF01D70262DC7B4001D3469 /* PrototipoTests */,
				4BF01D7B262DC7B4001D3469 /* PrototipoUITests */,
				4BF01D58262DC7B2001D3469 /* Products */,
			);
			sourceTree = "<group>";
		};
		4BF01D58262DC7B2001D3469 /* Products */ = {
			isa = PBXGroup;
			children = (
				4BF01D57262DC7B2001D3469 /* Prototipo.app */,
				4BF01D6D262DC7B4001D3469 /* PrototipoTests.xctest */,
				4BF01D78262DC7B4001D3469 /* PrototipoUITests.xctest */,
			);
			name = Products;
			sourceTree = "<group>";
		};
		4BF01D59262DC7B2001D3469 /* Prototipo */ = {
			isa = PBXGroup;
			children = (
				4BF01D5A262DC7B2001D3469 /* AppDelegate.swift */,
				4BF01D5C262DC7B2001D3469 /* SceneDelegate.swift */,
				4BF01D5E262DC7B2001D3469 /* ViewController.swift */,
				4BF01D60262DC7B2001D3469 /* Main.storyboard */,
				4BF01D63262DC7B4001D3469 /* Assets.xcassets */,
				4BF01D65262DC7B4001D3469 /* LaunchScreen.storyboard */,
				4BF01D68262DC7B4001D3469 /* Info.plist */,
			);
			path = Prototipo;
			sourceTree = "<group>";
		};
		4BF01D70262DC7B4001D3469 /* PrototipoTests */ = {
			isa = PBXGroup;
			children = (
				4BF01D71262DC7B4001D3469 /* PrototipoTests.swift */,
				4BF01D73262DC7B4001D3469 /* Info.plist */,
			);
			path = PrototipoTests;
			sourceTree = "<group>";
		};
		4BF01D7B262DC7B4001D3469 /* PrototipoUITests */ = {
			isa = PBXGroup;
			children = (
				4BF01D7C262DC7B4001D3469 /* PrototipoUITests.swift */,
				4BF01D7E262DC7B4001D3469 /* Info.plist */,
			);
			path = PrototipoUITests;
			sourceTree = "<group>";
		};
/* End PBXGroup section */

/* Begin PBXNativeTarget section */
		4BF01D56262DC7B2001D3469 /* Prototipo */ = {
			isa = PBXNativeTarget;
			buildConfigurationList = 4BF01D81262DC7B4001D3469 /* Build configuration list for PBXNativeTarget "Prototipo" */;
			buildPhases = (
				4BF01D53262DC7B2001D3469 /* Sources */,
				4BF01D54262DC7B2001D3469 /* Frameworks */,
				4BF01D55262DC7B2001D3469 /* Resources */,
			);
			buildRules = (
			);
			dependencies = (
			);
			name = Prototipo;
			productName = Prototipo;
			productReference = 4BF01D57262DC7B2001D3469 /* Prototipo.app */;
			productType = "com.apple.product-type.application";
		};
		4BF01D6C262DC7B4001D3469 /* PrototipoTests */ = {
			isa = PBXNativeTarget;
			buildConfigurationList = 4BF01D84262DC7B4001D3469 /* Build configuration list for PBXNativeTarget "PrototipoTests" */;
			buildPhases = (
				4BF01D69262DC7B4001D3469 /* Sources */,
				4BF01D6A262DC7B4001D3469 /* Frameworks */,
				4BF01D6B262DC7B4001D3469 /* Resources */,
			);
			buildRules = (
			);
			dependencies = (
				4BF01D6F262DC7B4001D3469 /* PBXTargetDependency */,
			);
			name = PrototipoTests;
			productName = PrototipoTests;
			productReference = 4BF01D6D262DC7B4001D3469 /* PrototipoTests.xctest */;
			productType = "com.apple.product-type.bundle.unit-test";
		};
		4BF01D77262DC7B4001D3469 /* PrototipoUITests */ = {
			isa = PBXNativeTarget;
			buildConfigurationList = 4BF01D87262DC7B4001D3469 /* Build configuration list for PBXNativeTarget "PrototipoUITests" */;
			buildPhases = (
				4BF01D74262DC7B4001D3469 /* Sources */,
				4BF01D75262DC7B4001D3469 /* Frameworks */,
				4BF01D76262DC7B4001D3469 /* Resources */,
			);
			buildRules = (
			);
			dependencies = (
				4BF01D7A262DC7B4001D3469 /* PBXTargetDependency */,
			);
			name = PrototipoUITests;
			productName = PrototipoUITests;
			productReference = 4BF01D78262DC7B4001D3469 /* PrototipoUITests.xctest */;
			productType = "com.apple.product-type.bundle.ui-testing";
		};
/* End PBXNativeTarget section */

/* Begin PBXProject section */
		4BF01D4F262DC7B2001D3469 /* Project object */ = {
			isa = PBXProject;
			attributes = {
				LastSwiftUpdateCheck = 1130;
				LastUpgradeCheck = 1130;
				ORGANIZATIONNAME = user185916;
				TargetAttributes = {
					4BF01D56262DC7B2001D3469 = {
						CreatedOnToolsVersion = 11.3.1;
					};
					4BF01D6C262DC7B4001D3469 = {
						CreatedOnToolsVersion = 11.3.1;
						TestTargetID = 4BF01D56262DC7B2001D3469;
					};
					4BF01D77262DC7B4001D3469 = {
						CreatedOnToolsVersion = 11.3.1;
						TestTargetID = 4BF01D56262DC7B2001D3469;
					};
				};
			};
			buildConfigurationList = 4BF01D52262DC7B2001D3469 /* Build configuration list for PBXProject "Prototipo" */;
			compatibilityVersion = "Xcode 9.3";
			developmentRegion = en;
			hasScannedForEncodings = 0;
			knownRegions = (
				en,
				Base,
			);
			mainGroup = 4BF01D4E262DC7B2001D3469;
			productRefGroup = 4BF01D58262DC7B2001D3469 /* Products */;
			projectDirPath = "";
			projectRoot = "";
			targets = (
				4BF01D56262DC7B2001D3469 /* Prototipo */,
				4BF01D6C262DC7B4001D3469 /* PrototipoTests */,
				4BF01D77262DC7B4001D3469 /* PrototipoUITests */,
			);
		};
/* End PBXProject section */

/* Begin PBXResourcesBuildPhase section */
		4BF01D55262DC7B2001D3469 /* Resources */ = {
			isa = PBXResourcesBuildPhase;
			buildActionMask = 2147483647;
			files = (
				4BF01D67262DC7B4001D3469 /* LaunchScreen.storyboard in Resources */,
				4BF01D64262DC7B4001D3469 /* Assets.xcassets in Resources */,
				4BF01D62262DC7B2001D3469 /* Main.storyboard in Resources */,
			);
			runOnlyForDeploymentPostprocessing = 0;
		};
		4BF01D6B262DC7B4001D3469 /* Resources */ = {
			isa = PBXResourcesBuildPhase;
			buildActionMask = 2147483647;
			files = (
			);
			runOnlyForDeploymentPostprocessing = 0;
		};
		4BF01D76262DC7B4001D3469 /* Resources */ = {
			isa = PBXResourcesBuildPhase;
			buildActionMask = 2147483647;
			files = (
			);
			runOnlyForDeploymentPostprocessing = 0;
		};
/* End PBXResourcesBuildPhase section */

/* Begin PBXSourcesBuildPhase section */
		4BF01D53262DC7B2001D3469 /* Sources */ = {
			isa = PBXSourcesBuildPhase;
			buildActionMask = 2147483647;
			files = (
				4BF01D5F262DC7B2001D3469 /* ViewController.swift in Sources */,
				4BF01D5B262DC7B2001D3469 /* AppDelegate.swift in Sources */,
				4BF01D5D262DC7B2001D3469 /* SceneDelegate.swift in Sources */,
			);
			runOnlyForDeploymentPostprocessing = 0;
		};
		4BF01D69262DC7B4001D3469 /* Sources */ = {
			isa = PBXSourcesBuildPhase;
			buildActionMask = 2147483647;
			files = (
				4BF01D72262DC7B4001D3469 /* PrototipoTests.swift in Sources */,
			);
			runOnlyForDeploymentPostprocessing = 0;
		};
		4BF01D74262DC7B4001D3469 /* Sources */ = {
			isa = PBXSourcesBuildPhase;
			buildActionMask = 2147483647;
			files = (
				4BF01D7D262DC7B4001D3469 /* PrototipoUITests.swift in Sources */,
			);
			runOnlyForDeploymentPostprocessing = 0;
		};
/* End PBXSourcesBuildPhase section */

/* Begin PBXTargetDependency section */
		4BF01D6F262DC7B4001D3469 /* PBXTargetDependency */ = {
			isa = PBXTargetDependency;
			target = 4BF01D56262DC7B2001D3469 /* Prototipo */;
			targetProxy = 4BF01D6E262DC7B4001D3469 /* PBXContainerItemProxy */;
		};
		4BF01D7A262DC7B4001D3469 /* PBXTargetDependency */ = {
			isa = PBXTargetDependency;
			target = 4BF01D56262DC7B2001D3469 /* Prototipo */;
			targetProxy = 4BF01D79262DC7B4001D3469 /* PBXContainerItemProxy */;
		};
/* End PBXTargetDependency section */

/* Begin PBXVariantGroup section */
		4BF01D60262DC7B2001D3469 /* Main.storyboard */ = {
			isa = PBXVariantGroup;
			children = (
				4BF01D61262DC7B2001D3469 /* Base */,
			);
			name = Main.storyboard;
			sourceTree = "<group>";
		};
		4BF01D65262DC7B4001D3469 /* LaunchScreen.storyboard */ = {
			isa = PBXVariantGroup;
			children = (
				4BF01D66262DC7B4001D3469 /* Base */,
			);
			name = LaunchScreen.storyboard;
			sourceTree = "<group>";
		};
/* End PBXVariantGroup section */

/* Begin XCBuildConfiguration section */
		4BF01D7F262DC7B4001D3469 /* Debug */ = {
			isa = XCBuildConfiguration;
			buildSettings = {
				ALWAYS_SEARCH_USER_PATHS = NO;
				CLANG_ANALYZER_NONNULL = YES;
				CLANG_ANALYZER_NUMBER_OBJECT_CONVERSION = YES_AGGRESSIVE;
				CLANG_CXX_LANGUAGE_STANDARD = "gnu++14";
				CLANG_CXX_LIBRARY = "libc++";
				CLANG_ENABLE_MODULES = YES;
				CLANG_ENABLE_OBJC_ARC = YES;
				CLANG_ENABLE_OBJC_WEAK = YES;
				CLANG_WARN_BLOCK_CAPTURE_AUTORELEASING = YES;
				CLANG_WARN_BOOL_CONVERSION = YES;
				CLANG_WARN_COMMA = YES;
				CLANG_WARN_CONSTANT_CONVERSION = YES;
				CLANG_WARN_DEPRECATED_OBJC_IMPLEMENTATIONS = YES;
				CLANG_WARN_DIRECT_OBJC_ISA_USAGE = YES_ERROR;
				CLANG_WARN_DOCUMENTATION_COMMENTS = YES;
				CLANG_WARN_EMPTY_BODY = YES;
				CLANG_WARN_ENUM_CONVERSION = YES;
				CLANG_WARN_INFINITE_RECURSION = YES;
				CLANG_WARN_INT_CONVERSION = YES;
				CLANG_WARN_NON_LITERAL_NULL_CONVERSION = YES;
				CLANG_WARN_OBJC_IMPLICIT_RETAIN_SELF = YES;
				CLANG_WARN_OBJC_LITERAL_CONVERSION = YES;
				CLANG_WARN_OBJC_ROOT_CLASS = YES_ERROR;
				CLANG_WARN_RANGE_LOOP_ANALYSIS = YES;
				CLANG_WARN_STRICT_PROTOTYPES = YES;
				CLANG_WARN_SUSPICIOUS_MOVE = YES;
				CLANG_WARN_UNGUARDED_AVAILABILITY = YES_AGGRESSIVE;
				CLANG_WARN_UNREACHABLE_CODE = YES;
				CLANG_WARN__DUPLICATE_METHOD_MATCH = YES;
				COPY_PHASE_STRIP = NO;
				DEBUG_INFORMATION_FORMAT = dwarf;
				ENABLE_STRICT_OBJC_MSGSEND = YES;
				ENABLE_TESTABILITY = YES;
				GCC_C_LANGUAGE_STANDARD = gnu11;
				GCC_DYNAMIC_NO_PIC = NO;
				GCC_NO_COMMON_BLOCKS = YES;
				GCC_OPTIMIZATION_LEVEL = 0;
				GCC_PREPROCESSOR_DEFINITIONS = (
					"DEBUG=1",
					"$(inherited)",
				);
				GCC_WARN_64_TO_32_BIT_CONVERSION = YES;
				GCC_WARN_ABOUT_RETURN_TYPE = YES_ERROR;
				GCC_WARN_UNDECLARED_SELECTOR = YES;
				GCC_WARN_UNINITIALIZED_AUTOS = YES_AGGRESSIVE;
				GCC_WARN_UNUSED_FUNCTION = YES;
				GCC_WARN_UNUSED_VARIABLE = YES;
				IPHONEOS_DEPLOYMENT_TARGET = 13.2;
				MTL_ENABLE_DEBUG_INFO = INCLUDE_SOURCE;
				MTL_FAST_MATH = YES;
				ONLY_ACTIVE_ARCH = YES;
				SDKROOT = iphoneos;
				SWIFT_ACTIVE_COMPILATION_CONDITIONS = DEBUG;
				SWIFT_OPTIMIZATION_LEVEL = "-Onone";
			};
			name = Debug;
		};
		4BF01D80262DC7B4001D3469 /* Release */ = {
			isa = XCBuildConfiguration;
			buildSettings = {
				ALWAYS_SEARCH_USER_PATHS = NO;
				CLANG_ANALYZER_NONNULL = YES;
				CLANG_ANALYZER_NUMBER_OBJECT_CONVERSION = YES_AGGRESSIVE;
				CLANG_CXX_LANGUAGE_STANDARD = "gnu++14";
				CLANG_CXX_LIBRARY = "libc++";
				CLANG_ENABLE_MODULES = YES;
				CLANG_ENABLE_OBJC_ARC = YES;
				CLANG_ENABLE_OBJC_WEAK = YES;
				CLANG_WARN_BLOCK_CAPTURE_AUTORELEASING = YES;
				CLANG_WARN_BOOL_CONVERSION = YES;
				CLANG_WARN_COMMA = YES;
				CLANG_WARN_CONSTANT_CONVERSION = YES;
				CLANG_WARN_DEPRECATED_OBJC_IMPLEMENTATIONS = YES;
				CLANG_WARN_DIRECT_OBJC_ISA_USAGE = YES_ERROR;
				CLANG_WARN_DOCUMENTATION_COMMENTS = YES;
				CLANG_WARN_EMPTY_BODY = YES;
				CLANG_WARN_ENUM_CONVERSION = YES;
				CLANG_WARN_INFINITE_RECURSION = YES;
				CLANG_WARN_INT_CONVERSION = YES;
				CLANG_WARN_NON_LITERAL_NULL_CONVERSION = YES;
				CLANG_WARN_OBJC_IMPLICIT_RETAIN_SELF = YES;
				CLANG_WARN_OBJC_LITERAL_CONVERSION = YES;
				CLANG_WARN_OBJC_ROOT_CLASS = YES_ERROR;
				CLANG_WARN_RANGE_LOOP_ANALYSIS = YES;
				CLANG_WARN_STRICT_PROTOTYPES = YES;
				CLANG_WARN_SUSPICIOUS_MOVE = YES;
				CLANG_WARN_UNGUARDED_AVAILABILITY = YES_AGGRESSIVE;
				CLANG_WARN_UNREACHABLE_CODE = YES;
				CLANG_WARN__DUPLICATE_METHOD_MATCH = YES;
				COPY_PHASE_STRIP = NO;
				DEBUG_INFORMATION_FORMAT = "dwarf-with-dsym";
				ENABLE_NS_ASSERTIONS = NO;
				ENABLE_STRICT_OBJC_MSGSEND = YES;
				GCC_C_LANGUAGE_STANDARD = gnu11;
				GCC_NO_COMMON_BLOCKS = YES;
				GCC_WARN_64_TO_32_BIT_CONVERSION = YES;
				GCC_WARN_ABOUT_RETURN_TYPE = YES_ERROR;
				GCC_WARN_UNDECLARED_SELECTOR = YES;
				GCC_WARN_UNINITIALIZED_AUTOS = YES_AGGRESSIVE;
				GCC_WARN_UNUSED_FUNCTION = YES;
				GCC_WARN_UNUSED_VARIABLE = YES;
				IPHONEOS_DEPLOYMENT_TARGET = 13.2;
				MTL_ENABLE_DEBUG_INFO = NO;
				MTL_FAST_MATH = YES;
				SDKROOT = iphoneos;
				SWIFT_COMPILATION_MODE = wholemodule;
				SWIFT_OPTIMIZATION_LEVEL = "-O";
				VALIDATE_PRODUCT = YES;
			};
			name = Release;
		};
		4BF01D82262DC7B4001D3469 /* Debug */ = {
			isa = XCBuildConfiguration;
			buildSettings = {
				ASSETCATALOG_COMPILER_APPICON_NAME = AppIcon;
				CODE_SIGN_STYLE = Automatic;
				INFOPLIST_FILE = Prototipo/Info.plist;
				LD_RUNPATH_SEARCH_PATHS = (
					"$(inherited)",
					"@executable_path/Frameworks",
				);
				PRODUCT_BUNDLE_IDENTIFIER = com.ErickEstudiante.Prototipo;
				PRODUCT_NAME = "$(TARGET_NAME)";
				SWIFT_VERSION = 5.0;
				TARGETED_DEVICE_FAMILY = "1,2";
			};
			name = Debug;
		};
		4BF01D83262DC7B4001D3469 /* Release */ = {
			isa = XCBuildConfiguration;
			buildSettings = {
				ASSETCATALOG_COMPILER_APPICON_NAME = AppIcon;
				CODE_SIGN_STYLE = Automatic;
				INFOPLIST_FILE = Prototipo/Info.plist;
				LD_RUNPATH_SEARCH_PATHS = (
					"$(inherited)",
					"@executable_path/Frameworks",
				);
				PRODUCT_BUNDLE_IDENTIFIER = com.ErickEstudiante.Prototipo;
				PRODUCT_NAME = "$(TARGET_NAME)";
				SWIFT_VERSION = 5.0;
				TARGETED_DEVICE_FAMILY = "1,2";
			};
			name = Release;
		};
		4BF01D85262DC7B4001D3469 /* Debug */ = {
			isa = XCBuildConfiguration;
			buildSettings = {
				ALWAYS_EMBED_SWIFT_STANDARD_LIBRARIES = YES;
				BUNDLE_LOADER = "$(TEST_HOST)";
				CODE_SIGN_STYLE = Automatic;
				INFOPLIST_FILE = PrototipoTests/Info.plist;
				IPHONEOS_DEPLOYMENT_TARGET = 13.2;
				LD_RUNPATH_SEARCH_PATHS = (
					"$(inherited)",
					"@executable_path/Frameworks",
					"@loader_path/Frameworks",
				);
				PRODUCT_BUNDLE_IDENTIFIER = com.ErickEstudiante.PrototipoTests;
				PRODUCT_NAME = "$(TARGET_NAME)";
				SWIFT_VERSION = 5.0;
				TARGETED_DEVICE_FAMILY = "1,2";
				TEST_HOST = "$(BUILT_PRODUCTS_DIR)/Prototipo.app/Prototipo";
			};
			name = Debug;
		};
		4BF01D86262DC7B4001D3469 /* Release */ = {
			isa = XCBuildConfiguration;
			buildSettings = {
				ALWAYS_EMBED_SWIFT_STANDARD_LIBRARIES = YES;
				BUNDLE_LOADER = "$(TEST_HOST)";
				CODE_SIGN_STYLE = Automatic;
				INFOPLIST_FILE = PrototipoTests/Info.plist;
				IPHONEOS_DEPLOYMENT_TARGET = 13.2;
				LD_RUNPATH_SEARCH_PATHS = (
					"$(inherited)",
					"@executable_path/Frameworks",
					"@loader_path/Frameworks",
				);
				PRODUCT_BUNDLE_IDENTIFIER = com.ErickEstudiante.PrototipoTests;
				PRODUCT_NAME = "$(TARGET_NAME)";
				SWIFT_VERSION = 5.0;
				TARGETED_DEVICE_FAMILY = "1,2";
				TEST_HOST = "$(BUILT_PRODUCTS_DIR)/Prototipo.app/Prototipo";
			};
			name = Release;
		};
		4BF01D88262DC7B4001D3469 /* Debug */ = {
			isa = XCBuildConfiguration;
			buildSettings = {
				ALWAYS_EMBED_SWIFT_STANDARD_LIBRARIES = YES;
				CODE_SIGN_STYLE = Automatic;
				INFOPLIST_FILE = PrototipoUITests/Info.plist;
				LD_RUNPATH_SEARCH_PATHS = (
					"$(inherited)",
					"@executable_path/Frameworks",
					"@loader_path/Frameworks",
				);
				PRODUCT_BUNDLE_IDENTIFIER = com.ErickEstudiante.PrototipoUITests;
				PRODUCT_NAME = "$(TARGET_NAME)";
				SWIFT_VERSION = 5.0;
				TARGETED_DEVICE_FAMILY = "1,2";
				TEST_TARGET_NAME = Prototipo;
			};
			name = Debug;
		};
		4BF01D89262DC7B4001D3469 /* Release */ = {
			isa = XCBuildConfiguration;
			buildSettings = {
				ALWAYS_EMBED_SWIFT_STANDARD_LIBRARIES = YES;
				CODE_SIGN_STYLE = Automatic;
				INFOPLIST_FILE = PrototipoUITests/Info.plist;
				LD_RUNPATH_SEARCH_PATHS = (
					"$(inherited)",
					"@executable_path/Frameworks",
					"@loader_path/Frameworks",
				);
				PRODUCT_BUNDLE_IDENTIFIER = com.ErickEstudiante.PrototipoUITests;
				PRODUCT_NAME = "$(TARGET_NAME)";
				SWIFT_VERSION = 5.0;
				TARGETED_DEVICE_FAMILY = "1,2";
				TEST_TARGET_NAME = Prototipo;
			};
			name = Release;
		};
/* End XCBuildConfiguration section */

/* Begin XCConfigurationList section */
		4BF01D52262DC7B2001D3469 /* Build configuration list for PBXProject "Prototipo" */ = {
			isa = XCConfigurationList;
			buildConfigurations = (
				4BF01D7F262DC7B4001D3469 /* Debug */,
				4BF01D80262DC7B4001D3469 /* Release */,
			);
			defaultConfigurationIsVisible = 0;
			defaultConfigurationName = Release;
		};
		4BF01D81262DC7B4001D3469 /* Build configuration list for PBXNativeTarget "Prototipo" */ = {
			isa = XCConfigurationList;
			buildConfigurations = (
				4BF01D82262DC7B4001D3469 /* Debug */,
				4BF01D83262DC7B4001D3469 /* Release */,
			);
			defaultConfigurationIsVisible = 0;
			defaultConfigurationName = Release;
		};
		4BF01D84262DC7B4001D3469 /* Build configuration list for PBXNativeTarget "PrototipoTests" */ = {
			isa = XCConfigurationList;
			buildConfigurations = (
				4BF01D85262DC7B4001D3469 /* Debug */,
				4BF01D86262DC7B4001D3469 /* Release */,
			);
			defaultConfigurationIsVisible = 0;
			defaultConfigurationName = Release;
		};
		4BF01D87262DC7B4001D3469 /* Build configuration list for PBXNativeTarget "PrototipoUITests" */ = {
			isa = XCConfigurationList;
			buildConfigurations = (
				4BF01D88262DC7B4001D3469 /* Debug */,
				4BF01D89262DC7B4001D3469 /* Release */,
			);
			defaultConfigurationIsVisible = 0;
			defaultConfigurationName = Release;
		};
/* End XCConfigurationList section */
	};
	rootObject = 4BF01D4F262DC7B2001D3469 /* Project object */;
}
